
Microsoft Visual Studio Solution File, Format Version 12.00
# Visual Studio Version 17
VisualStudioVersion = 17.4.33122.133
MinimumVisualStudioVersion = 10.0.40219.1
Project("{FAE04EC0-301F-11D3-BF4B-00C04F79EFBC}") = "Consultar_tarjeta_T1", "Consultar_tarjeta_T1.csproj", "{DB713278-46E2-4ACD-A294-0DE53CCE6A4F}"
EndProject
Global
	GlobalSection(SolutionConfigurationPlatforms) = preSolution
		Debug|Any CPU = Debug|Any CPU
		Release|Any CPU = Release|Any CPU
	EndGlobalSection
	GlobalSection(ProjectConfigurationPlatforms) = postSolution
		{DB713278-46E2-4ACD-A294-0DE53CCE6A4F}.Debug|Any CPU.ActiveCfg = Debug|Any CPU
		{DB713278-46E2-4ACD-A294-0DE53CCE6A4F}.Debug|Any CPU.Build.0 = Debug|Any CPU
		{DB713278-46E2-4ACD-A294-0DE53CCE6A4F}.Release|Any CPU.ActiveCfg = Release|Any CPU
		{DB713278-46E2-4ACD-A294-0DE53CCE6A4F}.Release|Any CPU.Build.0 = Release|Any CPU
	EndGlobalSection
	GlobalSection(SolutionProperties) = preSolution
		HideSolutionNode = FALSE
	EndGlobalSection
	GlobalSection(ExtensibilityGlobals) = postSolution
		SolutionGuid = {1CFD1335-7057-4C6E-A6A4-F51C368E9999}
	EndGlobalSection
EndGlobal
